
Microsoft Visual Studio Solution File, Format Version 12.00
# Visual Studio Version 17
VisualStudioVersion = 17.0.32112.339
MinimumVisualStudioVersion = 10.0.40219.1
Project("{9A19103F-16F7-4668-BE54-9A1E7A4F7556}") = "ConsoleApplication", "ConsoleApplication\ConsoleApplication.csproj", "{A137C7C2-4440-462B-8F63-B3F10450C382}"
EndProject
Project("{9A19103F-16F7-4668-BE54-9A1E7A4F7556}") = "MainApplication", "MainApplication\MainApplication.csproj", "{DF90C650-BCA8-4D5F-B492-46EA23AE4288}"
EndProject
Project("{9A19103F-16F7-4668-BE54-9A1E7A4F7556}") = "GuiApplication", "GuiApplication\GuiApplication.csproj", "{94340EEE-7E3C-4401-BC65-E8299FEDB8D3}"
EndProject
Project("{FAE04EC0-301F-11D3-BF4B-00C04F79EFBC}") = "CryptoSoft", "CryptoSoft\CryptoSoft.csproj", "{466B86D4-650B-4489-A6C3-F648385180E1}"
EndProject
Global
	GlobalSection(SolutionConfigurationPlatforms) = preSolution
		Debug|Any CPU = Debug|Any CPU
		Debug|arm64 = Debug|arm64
		Debug|x64 = Debug|x64
		Debug|x86 = Debug|x86
		Release|Any CPU = Release|Any CPU
		Release|arm64 = Release|arm64
		Release|x64 = Release|x64
		Release|x86 = Release|x86
	EndGlobalSection
	GlobalSection(ProjectConfigurationPlatforms) = postSolution
		{A137C7C2-4440-462B-8F63-B3F10450C382}.Debug|Any CPU.ActiveCfg = Debug|Any CPU
		{A137C7C2-4440-462B-8F63-B3F10450C382}.Debug|Any CPU.Build.0 = Debug|Any CPU
		{A137C7C2-4440-462B-8F63-B3F10450C382}.Debug|arm64.ActiveCfg = Debug|Any CPU
		{A137C7C2-4440-462B-8F63-B3F10450C382}.Debug|arm64.Build.0 = Debug|Any CPU
		{A137C7C2-4440-462B-8F63-B3F10450C382}.Debug|x64.ActiveCfg = Debug|Any CPU
		{A137C7C2-4440-462B-8F63-B3F10450C382}.Debug|x64.Build.0 = Debug|Any CPU
		{A137C7C2-4440-462B-8F63-B3F10450C382}.Debug|x86.ActiveCfg = Debug|Any CPU
		{A137C7C2-4440-462B-8F63-B3F10450C382}.Debug|x86.Build.0 = Debug|Any CPU
		{A137C7C2-4440-462B-8F63-B3F10450C382}.Release|Any CPU.ActiveCfg = Release|Any CPU
		{A137C7C2-4440-462B-8F63-B3F10450C382}.Release|Any CPU.Build.0 = Release|Any CPU
		{A137C7C2-4440-462B-8F63-B3F10450C382}.Release|arm64.ActiveCfg = Release|Any CPU
		{A137C7C2-4440-462B-8F63-B3F10450C382}.Release|arm64.Build.0 = Release|Any CPU
		{A137C7C2-4440-462B-8F63-B3F10450C382}.Release|x64.ActiveCfg = Release|Any CPU
		{A137C7C2-4440-462B-8F63-B3F10450C382}.Release|x64.Build.0 = Release|Any CPU
		{A137C7C2-4440-462B-8F63-B3F10450C382}.Release|x86.ActiveCfg = Release|Any CPU
		{A137C7C2-4440-462B-8F63-B3F10450C382}.Release|x86.Build.0 = Release|Any CPU
		{DF90C650-BCA8-4D5F-B492-46EA23AE4288}.Debug|Any CPU.ActiveCfg = Debug|Any CPU
		{DF90C650-BCA8-4D5F-B492-46EA23AE4288}.Debug|Any CPU.Build.0 = Debug|Any CPU
		{DF90C650-BCA8-4D5F-B492-46EA23AE4288}.Debug|arm64.ActiveCfg = Debug|Any CPU
		{DF90C650-BCA8-4D5F-B492-46EA23AE4288}.Debug|arm64.Build.0 = Debug|Any CPU
		{DF90C650-BCA8-4D5F-B492-46EA23AE4288}.Debug|x64.ActiveCfg = Debug|Any CPU
		{DF90C650-BCA8-4D5F-B492-46EA23AE4288}.Debug|x64.Build.0 = Debug|Any CPU
		{DF90C650-BCA8-4D5F-B492-46EA23AE4288}.Debug|x86.ActiveCfg = Debug|Any CPU
		{DF90C650-BCA8-4D5F-B492-46EA23AE4288}.Debug|x86.Build.0 = Debug|Any CPU
		{DF90C650-BCA8-4D5F-B492-46EA23AE4288}.Release|Any CPU.ActiveCfg = Release|Any CPU
		{DF90C650-BCA8-4D5F-B492-46EA23AE4288}.Release|Any CPU.Build.0 = Release|Any CPU
		{DF90C650-BCA8-4D5F-B492-46EA23AE4288}.Release|arm64.ActiveCfg = Release|Any CPU
		{DF90C650-BCA8-4D5F-B492-46EA23AE4288}.Release|arm64.Build.0 = Release|Any CPU
		{DF90C650-BCA8-4D5F-B492-46EA23AE4288}.Release|x64.ActiveCfg = Release|Any CPU
		{DF90C650-BCA8-4D5F-B492-46EA23AE4288}.Release|x64.Build.0 = Release|Any CPU
		{DF90C650-BCA8-4D5F-B492-46EA23AE4288}.Release|x86.ActiveCfg = Release|Any CPU
		{DF90C650-BCA8-4D5F-B492-46EA23AE4288}.Release|x86.Build.0 = Release|Any CPU
		{94340EEE-7E3C-4401-BC65-E8299FEDB8D3}.Debug|Any CPU.ActiveCfg = Debug|x64
		{94340EEE-7E3C-4401-BC65-E8299FEDB8D3}.Debug|Any CPU.Build.0 = Debug|x64
		{94340EEE-7E3C-4401-BC65-E8299FEDB8D3}.Debug|Any CPU.Deploy.0 = Debug|x64
		{94340EEE-7E3C-4401-BC65-E8299FEDB8D3}.Debug|arm64.ActiveCfg = Debug|arm64
		{94340EEE-7E3C-4401-BC65-E8299FEDB8D3}.Debug|arm64.Build.0 = Debug|arm64
		{94340EEE-7E3C-4401-BC65-E8299FEDB8D3}.Debug|arm64.Deploy.0 = Debug|arm64
		{94340EEE-7E3C-4401-BC65-E8299FEDB8D3}.Debug|x64.ActiveCfg = Debug|x64
		{94340EEE-7E3C-4401-BC65-E8299FEDB8D3}.Debug|x64.Build.0 = Debug|x64
		{94340EEE-7E3C-4401-BC65-E8299FEDB8D3}.Debug|x64.Deploy.0 = Debug|x64
		{94340EEE-7E3C-4401-BC65-E8299FEDB8D3}.Debug|x86.ActiveCfg = Debug|x86
		{94340EEE-7E3C-4401-BC65-E8299FEDB8D3}.Debug|x86.Build.0 = Debug|x86
		{94340EEE-7E3C-4401-BC65-E8299FEDB8D3}.Debug|x86.Deploy.0 = Debug|x86
		{94340EEE-7E3C-4401-BC65-E8299FEDB8D3}.Release|Any CPU.ActiveCfg = Release|x64
		{94340EEE-7E3C-4401-BC65-E8299FEDB8D3}.Release|Any CPU.Build.0 = Release|x64
		{94340EEE-7E3C-4401-BC65-E8299FEDB8D3}.Release|Any CPU.Deploy.0 = Release|x64
		{94340EEE-7E3C-4401-BC65-E8299FEDB8D3}.Release|arm64.ActiveCfg = Release|arm64
		{94340EEE-7E3C-4401-BC65-E8299FEDB8D3}.Release|arm64.Build.0 = Release|arm64
		{94340EEE-7E3C-4401-BC65-E8299FEDB8D3}.Release|arm64.Deploy.0 = Release|arm64
		{94340EEE-7E3C-4401-BC65-E8299FEDB8D3}.Release|x64.ActiveCfg = Release|x64
		{94340EEE-7E3C-4401-BC65-E8299FEDB8D3}.Release|x64.Build.0 = Release|x64
		{94340EEE-7E3C-4401-BC65-E8299FEDB8D3}.Release|x64.Deploy.0 = Release|x64
		{94340EEE-7E3C-4401-BC65-E8299FEDB8D3}.Release|x86.ActiveCfg = Release|x86
		{94340EEE-7E3C-4401-BC65-E8299FEDB8D3}.Release|x86.Build.0 = Release|x86
		{94340EEE-7E3C-4401-BC65-E8299FEDB8D3}.Release|x86.Deploy.0 = Release|x86
		{466B86D4-650B-4489-A6C3-F648385180E1}.Debug|Any CPU.ActiveCfg = Debug|Any CPU
		{466B86D4-650B-4489-A6C3-F648385180E1}.Debug|Any CPU.Build.0 = Debug|Any CPU
		{466B86D4-650B-4489-A6C3-F648385180E1}.Debug|arm64.ActiveCfg = Debug|Any CPU
		{466B86D4-650B-4489-A6C3-F648385180E1}.Debug|arm64.Build.0 = Debug|Any CPU
		{466B86D4-650B-4489-A6C3-F648385180E1}.Debug|x64.ActiveCfg = Debug|Any CPU
		{466B86D4-650B-4489-A6C3-F648385180E1}.Debug|x64.Build.0 = Debug|Any CPU
		{466B86D4-650B-4489-A6C3-F648385180E1}.Debug|x86.ActiveCfg = Debug|Any CPU
		{466B86D4-650B-4489-A6C3-F648385180E1}.Debug|x86.Build.0 = Debug|Any CPU
		{466B86D4-650B-4489-A6C3-F648385180E1}.Release|Any CPU.ActiveCfg = Release|Any CPU
		{466B86D4-650B-4489-A6C3-F648385180E1}.Release|Any CPU.Build.0 = Release|Any CPU
		{466B86D4-650B-4489-A6C3-F648385180E1}.Release|arm64.ActiveCfg = Release|Any CPU
		{466B86D4-650B-4489-A6C3-F648385180E1}.Release|arm64.Build.0 = Release|Any CPU
		{466B86D4-650B-4489-A6C3-F648385180E1}.Release|x64.ActiveCfg = Release|Any CPU
		{466B86D4-650B-4489-A6C3-F648385180E1}.Release|x64.Build.0 = Release|Any CPU
		{466B86D4-650B-4489-A6C3-F648385180E1}.Release|x86.ActiveCfg = Release|Any CPU
		{466B86D4-650B-4489-A6C3-F648385180E1}.Release|x86.Build.0 = Release|Any CPU
	EndGlobalSection
	GlobalSection(SolutionProperties) = preSolution
		HideSolutionNode = FALSE
	EndGlobalSection
	GlobalSection(ExtensibilityGlobals) = postSolution
		SolutionGuid = {4A999E95-4119-4AD1-A0D8-E047473E9940}
	EndGlobalSection
EndGlobal
